{
  "name": "with-typescript",
  "version": "1.0.0",
  "lockfileVersion": 1,
  "requires": true,
  "dependencies": {
    "@madeiramadeira/venom": {
      "version": "1.0.1",
      "resolved": "https://registry.npmjs.org/@madeiramadeira/venom/-/venom-1.0.1.tgz",
      "integrity": "sha512-CcB0X5dWXuPcBHQvImEqre7W1HFJdw7+2L9EiA2YlVzVIkaE5+HGAVh7JhntRDDvhY/O8ef5WlfzqFMnTUnsLg=="
    }
  }
}
